
Microsoft Visual Studio Solution File, Format Version 12.00
# Visual Studio Version 17
VisualStudioVersion = 17.5.33502.453
MinimumVisualStudioVersion = 10.0.40219.1
Project("{FAE04EC0-301F-11D3-BF4B-00C04F79EFBC}") = "Cake_Rush", "Cake_Rush.csproj", "{4F56A2B6-1817-4918-B7C0-998E00546F14}"
EndProject
Global
	GlobalSection(SolutionConfigurationPlatforms) = preSolution
		Debug|Any CPU = Debug|Any CPU
		Release|Any CPU = Release|Any CPU
	EndGlobalSection
	GlobalSection(ProjectConfigurationPlatforms) = postSolution
		{4F56A2B6-1817-4918-B7C0-998E00546F14}.Debug|Any CPU.ActiveCfg = Debug|Any CPU
		{4F56A2B6-1817-4918-B7C0-998E00546F14}.Debug|Any CPU.Build.0 = Debug|Any CPU
		{4F56A2B6-1817-4918-B7C0-998E00546F14}.Release|Any CPU.ActiveCfg = Release|Any CPU
		{4F56A2B6-1817-4918-B7C0-998E00546F14}.Release|Any CPU.Build.0 = Release|Any CPU
	EndGlobalSection
	GlobalSection(SolutionProperties) = preSolution
		HideSolutionNode = FALSE
	EndGlobalSection
	GlobalSection(ExtensibilityGlobals) = postSolution
		SolutionGuid = {5C491563-A1C3-4CB5-94FB-59FAB7C20D15}
	EndGlobalSection
EndGlobal
